
Microsoft Visual Studio Solution File, Format Version 12.00
# Visual Studio Version 16
VisualStudioVersion = 16.0.32602.291
MinimumVisualStudioVersion = 10.0.40219.1
Project("{FAE04EC0-301F-11D3-BF4B-00C04F79EFBC}") = "SymonPracticalExam", "SymonPracticalExam\SymonPracticalExam.csproj", "{30EDADA4-DE26-4C5E-86AB-9CB8F568AFBC}"
EndProject
Global
	GlobalSection(SolutionConfigurationPlatforms) = preSolution
		Debug|Any CPU = Debug|Any CPU
		Release|Any CPU = Release|Any CPU
	EndGlobalSection
	GlobalSection(ProjectConfigurationPlatforms) = postSolution
		{30EDADA4-DE26-4C5E-86AB-9CB8F568AFBC}.Debug|Any CPU.ActiveCfg = Debug|Any CPU
		{30EDADA4-DE26-4C5E-86AB-9CB8F568AFBC}.Debug|Any CPU.Build.0 = Debug|Any CPU
		{30EDADA4-DE26-4C5E-86AB-9CB8F568AFBC}.Release|Any CPU.ActiveCfg = Release|Any CPU
		{30EDADA4-DE26-4C5E-86AB-9CB8F568AFBC}.Release|Any CPU.Build.0 = Release|Any CPU
	EndGlobalSection
	GlobalSection(SolutionProperties) = preSolution
		HideSolutionNode = FALSE
	EndGlobalSection
	GlobalSection(ExtensibilityGlobals) = postSolution
		SolutionGuid = {11285F3B-FB06-4684-8C7C-9ACDBE6A67ED}
	EndGlobalSection
EndGlobal
